
Microsoft Visual Studio Solution File, Format Version 12.00
# Visual Studio Version 17
VisualStudioVersion = 17.5.002.0
MinimumVisualStudioVersion = 10.0.40219.1
Project("{9A19103F-16F7-4668-BE54-9A1E7A4F7556}") = "Ecommerce.WebAssembly", "Ecommerce.WebAssembly.csproj", "{77BE5054-781A-4562-BB33-EACE9D88FCDD}"
EndProject
Global
	GlobalSection(SolutionConfigurationPlatforms) = preSolution
		Debug|Any CPU = Debug|Any CPU
		Release|Any CPU = Release|Any CPU
	EndGlobalSection
	GlobalSection(ProjectConfigurationPlatforms) = postSolution
		{77BE5054-781A-4562-BB33-EACE9D88FCDD}.Debug|Any CPU.ActiveCfg = Debug|Any CPU
		{77BE5054-781A-4562-BB33-EACE9D88FCDD}.Debug|Any CPU.Build.0 = Debug|Any CPU
		{77BE5054-781A-4562-BB33-EACE9D88FCDD}.Release|Any CPU.ActiveCfg = Release|Any CPU
		{77BE5054-781A-4562-BB33-EACE9D88FCDD}.Release|Any CPU.Build.0 = Release|Any CPU
	EndGlobalSection
	GlobalSection(SolutionProperties) = preSolution
		HideSolutionNode = FALSE
	EndGlobalSection
	GlobalSection(ExtensibilityGlobals) = postSolution
		SolutionGuid = {2C5490A2-3A3A-4F80-8233-200F26261BCC}
	EndGlobalSection
EndGlobal
